// !$*UTF8*$!
{
	archiveVersion = 1;
	classes = {
	};
	objectVersion = 46;
	objects = {

/* Begin PBXBuildFile section */
		830F4ED21EE1F96C0004992B /* AppDelegate.swift in Sources */ = {isa = PBXBuildFile; fileRef = 830F4ED11EE1F96C0004992B /* AppDelegate.swift */; };
		830F4ED41EE1F96C0004992B /* ViewController.swift in Sources */ = {isa = PBXBuildFile; fileRef = 830F4ED31EE1F96C0004992B /* ViewController.swift */; };
		830F4ED71EE1F96C0004992B /* Main.storyboard in Resources */ = {isa = PBXBuildFile; fileRef = 830F4ED51EE1F96C0004992B /* Main.storyboard */; };
		830F4ED91EE1F96C0004992B /* Assets.xcassets in Resources */ = {isa = PBXBuildFile; fileRef = 830F4ED81EE1F96C0004992B /* Assets.xcassets */; };
		830F4EDC1EE1F96C0004992B /* LaunchScreen.storyboard in Resources */ = {isa = PBXBuildFile; fileRef = 830F4EDA1EE1F96C0004992B /* LaunchScreen.storyboard */; };
		830F4EE61EE206910004992B /* NMPickerViewController.swift in Sources */ = {isa = PBXBuildFile; fileRef = 830F4EE51EE206910004992B /* NMPickerViewController.swift */; };
/* End PBXBuildFile section */

/* Begin PBXFileReference section */
		830F4ECE1EE1F96C0004992B /* NMPickerViewDemo.app */ = {isa = PBXFileReference; explicitFileType = wrapper.application; includeInIndex = 0; path = NMPickerViewDemo.app; sourceTree = BUILT_PRODUCTS_DIR; };
		830F4ED11EE1F96C0004992B /* AppDelegate.swift */ = {isa = PBXFileReference; lastKnownFileType = sourcecode.swift; path = AppDelegate.swift; sourceTree = "<group>"; };
		830F4ED31EE1F96C0004992B /* ViewController.swift */ = {isa = PBXFileReference; lastKnownFileType = sourcecode.swift; path = ViewController.swift; sourceTree = "<group>"; };
		830F4ED61EE1F96C0004992B /* Base */ = {isa = PBXFileReference; lastKnownFileType = file.storyboard; name = Base; path = Base.lproj/Main.storyboard; sourceTree = "<group>"; };
		830F4ED81EE1F96C0004992B /* Assets.xcassets */ = {isa = PBXFileReference; lastKnownFileType = folder.assetcatalog; path = Assets.xcassets; sourceTree = "<group>"; };
		830F4EDB1EE1F96C0004992B /* Base */ = {isa = PBXFileReference; lastKnownFileType = file.storyboard; name = Base; path = Base.lproj/LaunchScreen.storyboard; sourceTree = "<group>"; };
		830F4EDD1EE1F96C0004992B /* Info.plist */ = {isa = PBXFileReference; lastKnownFileType = text.plist.xml; path = Info.plist; sourceTree = "<group>"; };
		830F4EE51EE206910004992B /* NMPickerViewController.swift */ = {isa = PBXFileReference; fileEncoding = 4; lastKnownFileType = sourcecode.swift; path = NMPickerViewController.swift; sourceTree = "<group>"; };
/* End PBXFileReference section */

/* Begin PBXFrameworksBuildPhase section */
		830F4ECB1EE1F96C0004992B /* Frameworks */ = {
			isa = PBXFrameworksBuildPhase;
			buildActionMask = 2147483647;
			files = (
			);
			runOnlyForDeploymentPostprocessing = 0;
		};
/* End PBXFrameworksBuildPhase section */

/* Begin PBXGroup section */
		830F4EC51EE1F96C0004992B = {
			isa = PBXGroup;
			children = (
				830F4ED01EE1F96C0004992B /* NMPickerViewDemo */,
				830F4ECF1EE1F96C0004992B /* Products */,
			);
			sourceTree = "<group>";
		};
		830F4ECF1EE1F96C0004992B /* Products */ = {
			isa = PBXGroup;
			children = (
				830F4ECE1EE1F96C0004992B /* NMPickerViewDemo.app */,
			);
			name = Products;
			sourceTree = "<group>";
		};
		830F4ED01EE1F96C0004992B /* NMPickerViewDemo */ = {
			isa = PBXGroup;
			children = (
				830F4ED11EE1F96C0004992B /* AppDelegate.swift */,
				830F4ED51EE1F96C0004992B /* Main.storyboard */,
				830F4ED31EE1F96C0004992B /* ViewController.swift */,
				830F4EE51EE206910004992B /* NMPickerViewController.swift */,
				830F4ED81EE1F96C0004992B /* Assets.xcassets */,
				830F4EDA1EE1F96C0004992B /* LaunchScreen.storyboard */,
				830F4EDD1EE1F96C0004992B /* Info.plist */,
			);
			path = NMPickerViewDemo;
			sourceTree = "<group>";
		};
/* End PBXGroup section */

/* Begin PBXNativeTarget section */
		830F4ECD1EE1F96C0004992B /* NMPickerViewDemo */ = {
			isa = PBXNativeTarget;
			buildConfigurationList = 830F4EE01EE1F96C0004992B /* Build configuration list for PBXNativeTarget "NMPickerViewDemo" */;
			buildPhases = (
				830F4ECA1EE1F96C0004992B /* Sources */,
				830F4ECB1EE1F96C0004992B /* Frameworks */,
				830F4ECC1EE1F96C0004992B /* Resources */,
			);
			buildRules = (
			);
			dependencies = (
			);
			name = NMPickerViewDemo;
			productName = NMPickerViewDemo;
			productReference = 830F4ECE1EE1F96C0004992B /* NMPickerViewDemo.app */;
			productType = "com.apple.product-type.application";
		};
/* End PBXNativeTarget section */

/* Begin PBXProject section */
		830F4EC61EE1F96C0004992B /* Project object */ = {
			isa = PBXProject;
			attributes = {
				LastSwiftUpdateCheck = 0830;
				LastUpgradeCheck = 0940;
				ORGANIZATIONNAME = "Natalia Macambira";
				TargetAttributes = {
					830F4ECD1EE1F96C0004992B = {
						CreatedOnToolsVersion = 8.3.2;
						ProvisioningStyle = Automatic;
					};
				};
			};
			buildConfigurationList = 830F4EC91EE1F96C0004992B /* Build configuration list for PBXProject "NMPickerViewDemo" */;
			compatibilityVersion = "Xcode 3.2";
			developmentRegion = English;
			hasScannedForEncodings = 0;
			knownRegions = (
				en,
				Base,
			);
			mainGroup = 830F4EC51EE1F96C0004992B;
			productRefGroup = 830F4ECF1EE1F96C0004992B /* Products */;
			projectDirPath = "";
			projectRoot = "";
			targets = (
				830F4ECD1EE1F96C0004992B /* NMPickerViewDemo */,
			);
		};
/* End PBXProject section */

/* Begin PBXResourcesBuildPhase section */
		830F4ECC1EE1F96C0004992B /* Resources */ = {
			isa = PBXResourcesBuildPhase;
			buildActionMask = 2147483647;
			files = (
				830F4EDC1EE1F96C0004992B /* LaunchScreen.storyboard in Resources */,
				830F4ED91EE1F96C0004992B /* Assets.xcassets in Resources */,
				830F4ED71EE1F96C0004992B /* Main.storyboard in Resources */,
			);
			runOnlyForDeploymentPostprocessing = 0;
		};
/* End PBXResourcesBuildPhase section */

/* Begin PBXSourcesBuildPhase section */
		830F4ECA1EE1F96C0004992B /* Sources */ = {
			isa = PBXSourcesBuildPhase;
			buildActionMask = 2147483647;
			files = (
				830F4ED41EE1F96C0004992B /* ViewController.swift in Sources */,
				830F4EE61EE206910004992B /* NMPickerViewController.swift in Sources */,
				830F4ED21EE1F96C0004992B /* AppDelegate.swift in Sources */,
			);
			runOnlyForDeploymentPostprocessing = 0;
		};
/* End PBXSourcesBuildPhase section */

/* Begin PBXVariantGroup section */
		830F4ED51EE1F96C0004992B /* Main.storyboard */ = {
			isa = PBXVariantGroup;
			children = (
				830F4ED61EE1F96C0004992B /* Base */,
			);
			name = Main.storyboard;
			sourceTree = "<group>";
		};
		830F4EDA1EE1F96C0004992B /* LaunchScreen.storyboard */ = {
			isa = PBXVariantGroup;
			children = (
				830F4EDB1EE1F96C0004992B /* Base */,
			);
			name = LaunchScreen.storyboard;
			sourceTree = "<group>";
		};
/* End PBXVariantGroup section */

/* Begin XCBuildConfiguration section */
		830F4EDE1EE1F96C0004992B /* Debug */ = {
			isa = XCBuildConfiguration;
			buildSettings = {
				ALWAYS_SEARCH_USER_PATHS = NO;
				CLANG_ANALYZER_NONNULL = YES;
				CLANG_ANALYZER_NUMBER_OBJECT_CONVERSION = YES_AGGRESSIVE;
				CLANG_CXX_LANGUAGE_STANDARD = "gnu++0x";
				CLANG_CXX_LIBRARY = "libc++";
				CLANG_ENABLE_MODULES = YES;
				CLANG_ENABLE_OBJC_ARC = YES;
				CLANG_WARN_BLOCK_CAPTURE_AUTORELEASING = YES;
				CLANG_WARN_BOOL_CONVERSION = YES;
				CLANG_WARN_COMMA = YES;
				CLANG_WARN_CONSTANT_CONVERSION = YES;
				CLANG_WARN_DEPRECATED_OBJC_IMPLEMENTATIONS = YES;
				CLANG_WARN_DIRECT_OBJC_ISA_USAGE = YES_ERROR;
				CLANG_WARN_DOCUMENTATION_COMMENTS = YES;
				CLANG_WARN_EMPTY_BODY = YES;
				CLANG_WARN_ENUM_CONVERSION = YES;
				CLANG_WARN_INFINITE_RECURSION = YES;
				CLANG_WARN_INT_CONVERSION = YES;
				CLANG_WARN_NON_LITERAL_NULL_CONVERSION = YES;
				CLANG_WARN_OBJC_IMPLICIT_RETAIN_SELF = YES;
				CLANG_WARN_OBJC_LITERAL_CONVERSION = YES;
				CLANG_WARN_OBJC_ROOT_CLASS = YES_ERROR;
				CLANG_WARN_RANGE_LOOP_ANALYSIS = YES;
				CLANG_WARN_STRICT_PROTOTYPES = YES;
				CLANG_WARN_SUSPICIOUS_MOVE = YES;
				CLANG_WARN_UNREACHABLE_CODE = YES;
				CLANG_WARN__DUPLICATE_METHOD_MATCH = YES;
				"CODE_SIGN_IDENTITY[sdk=iphoneos*]" = "iPhone Developer";
				COPY_PHASE_STRIP = NO;
				DEBUG_INFORMATION_FORMAT = dwarf;
				ENABLE_STRICT_OBJC_MSGSEND = YES;
				ENABLE_TESTABILITY = YES;
				GCC_C_LANGUAGE_STANDARD = gnu99;
				GCC_DYNAMIC_NO_PIC = NO;
				GCC_NO_COMMON_BLOCKS = YES;
				GCC_OPTIMIZATION_LEVEL = 0;
				GCC_PREPROCESSOR_DEFINITIONS = (
					"DEBUG=1",
					"$(inherited)",
				);
				GCC_WARN_64_TO_32_BIT_CONVERSION = YES;
				GCC_WARN_ABOUT_RETURN_TYPE = YES_ERROR;
				GCC_WARN_UNDECLARED_SELECTOR = YES;
				GCC_WARN_UNINITIALIZED_AUTOS = YES_AGGRESSIVE;
				GCC_WARN_UNUSED_FUNCTION = YES;
				GCC_WARN_UNUSED_VARIABLE = YES;
				IPHONEOS_DEPLOYMENT_TARGET = 11.4;
				MTL_ENABLE_DEBUG_INFO = YES;
				ONLY_ACTIVE_ARCH = YES;
				SDKROOT = iphoneos;
				SWIFT_ACTIVE_COMPILATION_CONDITIONS = DEBUG;
				SWIFT_OPTIMIZATION_LEVEL = "-Onone";
			};
			name = Debug;
		};
		830F4EDF1EE1F96C0004992B /* Release */ = {
			isa = XCBuildConfiguration;
			buildSettings = {
				ALWAYS_SEARCH_USER_PATHS = NO;
				CLANG_ANALYZER_NONNULL = YES;
				CLANG_ANALYZER_NUMBER_OBJECT_CONVERSION = YES_AGGRESSIVE;
				CLANG_CXX_LANGUAGE_STANDARD = "gnu++0x";
				CLANG_CXX_LIBRARY = "libc++";
				CLANG_ENABLE_MODULES = YES;
				CLANG_ENABLE_OBJC_ARC = YES;
				CLANG_WARN_BLOCK_CAPTURE_AUTORELEASING = YES;
				CLANG_WARN_BOOL_CONVERSION = YES;
				CLANG_WARN_COMMA = YES;
				CLANG_WARN_CONSTANT_CONVERSION = YES;
				CLANG_WARN_DEPRECATED_OBJC_IMPLEMENTATIONS = YES;
				CLANG_WARN_DIRECT_OBJC_ISA_USAGE = YES_ERROR;
				CLANG_WARN_DOCUMENTATION_COMMENTS = YES;
				CLANG_WARN_EMPTY_BODY = YES;
				CLANG_WARN_ENUM_CONVERSION = YES;
				CLANG_WARN_INFINITE_RECURSION = YES;
				CLANG_WARN_INT_CONVERSION = YES;
				CLANG_WARN_NON_LITERAL_NULL_CONVERSION = YES;
				CLANG_WARN_OBJC_IMPLICIT_RETAIN_SELF = YES;
				CLANG_WARN_OBJC_LITERAL_CONVERSION = YES;
				CLANG_WARN_OBJC_ROOT_CLASS = YES_ERROR;
				CLANG_WARN_RANGE_LOOP_ANALYSIS = YES;
				CLANG_WARN_STRICT_PROTOTYPES = YES;
				CLANG_WARN_SUSPICIOUS_MOVE = YES;
				CLANG_WARN_UNREACHABLE_CODE = YES;
				CLANG_WARN__DUPLICATE_METHOD_MATCH = YES;
				"CODE_SIGN_IDENTITY[sdk=iphoneos*]" = "iPhone Developer";
				COPY_PHASE_STRIP = NO;
				DEBUG_INFORMATION_FORMAT = "dwarf-with-dsym";
				ENABLE_NS_ASSERTIONS = NO;
				ENABLE_STRICT_OBJC_MSGSEND = YES;
				GCC_C_LANGUAGE_STANDARD = gnu99;
				GCC_NO_COMMON_BLOCKS = YES;
				GCC_WARN_64_TO_32_BIT_CONVERSION = YES;
				GCC_WARN_ABOUT_RETURN_TYPE = YES_ERROR;
				GCC_WARN_UNDECLARED_SELECTOR = YES;
				GCC_WARN_UNINITIALIZED_AUTOS = YES_AGGRESSIVE;
				GCC_WARN_UNUSED_FUNCTION = YES;
				GCC_WARN_UNUSED_VARIABLE = YES;
				IPHONEOS_DEPLOYMENT_TARGET = 11.4;
				MTL_ENABLE_DEBUG_INFO = NO;
				SDKROOT = iphoneos;
				SWIFT_OPTIMIZATION_LEVEL = "-Owholemodule";
				VALIDATE_PRODUCT = YES;
			};
			name = Release;
		};
		830F4EE11EE1F96C0004992B /* Debug */ = {
			isa = XCBuildConfiguration;
			buildSettings = {
				ASSETCATALOG_COMPILER_APPICON_NAME = AppIcon;
				INFOPLIST_FILE = NMPickerViewDemo/Info.plist;
				LD_RUNPATH_SEARCH_PATHS = "$(inherited) @executable_path/Frameworks";
				PRODUCT_BUNDLE_IDENTIFIER = br.com.NMPickerViewDemo;
				PRODUCT_NAME = "$(TARGET_NAME)";
				SWIFT_VERSION = 4.0;
			};
			name = Debug;
		};
		830F4EE21EE1F96C0004992B /* Release */ = {
			isa = XCBuildConfiguration;
			buildSettings = {
				ASSETCATALOG_COMPILER_APPICON_NAME = AppIcon;
				INFOPLIST_FILE = NMPickerViewDemo/Info.plist;
				LD_RUNPATH_SEARCH_PATHS = "$(inherited) @executable_path/Frameworks";
				PRODUCT_BUNDLE_IDENTIFIER = br.com.NMPickerViewDemo;
				PRODUCT_NAME = "$(TARGET_NAME)";
				SWIFT_VERSION = 4.0;
			};
			name = Release;
		};
/* End XCBuildConfiguration section */

/* Begin XCConfigurationList section */
		830F4EC91EE1F96C0004992B /* Build configuration list for PBXProject "NMPickerViewDemo" */ = {
			isa = XCConfigurationList;
			buildConfigurations = (
				830F4EDE1EE1F96C0004992B /* Debug */,
				830F4EDF1EE1F96C0004992B /* Release */,
			);
			defaultConfigurationIsVisible = 0;
			defaultConfigurationName = Release;
		};
		830F4EE01EE1F96C0004992B /* Build configuration list for PBXNativeTarget "NMPickerViewDemo" */ = {
			isa = XCConfigurationList;
			buildConfigurations = (
				830F4EE11EE1F96C0004992B /* Debug */,
				830F4EE21EE1F96C0004992B /* Release */,
			);
			defaultConfigurationIsVisible = 0;
			defaultConfigurationName = Release;
		};
/* End XCConfigurationList section */
	};
	rootObject = 830F4EC61EE1F96C0004992B /* Project object */;
}
